
Microsoft Visual Studio Solution File, Format Version 12.00
# Visual Studio Version 17
VisualStudioVersion = 17.5.33516.290
MinimumVisualStudioVersion = 10.0.40219.1
Project("{FAE04EC0-301F-11D3-BF4B-00C04F79EFBC}") = "ProgramowanieNETZad5", "ProgramowanieNETZad5.csproj", "{1F564060-1EC4-4AFA-8AF4-D99C1B4213EB}"
EndProject
Global
	GlobalSection(SolutionConfigurationPlatforms) = preSolution
		Debug|Any CPU = Debug|Any CPU
		Release|Any CPU = Release|Any CPU
	EndGlobalSection
	GlobalSection(ProjectConfigurationPlatforms) = postSolution
		{1F564060-1EC4-4AFA-8AF4-D99C1B4213EB}.Debug|Any CPU.ActiveCfg = Debug|Any CPU
		{1F564060-1EC4-4AFA-8AF4-D99C1B4213EB}.Debug|Any CPU.Build.0 = Debug|Any CPU
		{1F564060-1EC4-4AFA-8AF4-D99C1B4213EB}.Release|Any CPU.ActiveCfg = Release|Any CPU
		{1F564060-1EC4-4AFA-8AF4-D99C1B4213EB}.Release|Any CPU.Build.0 = Release|Any CPU
	EndGlobalSection
	GlobalSection(SolutionProperties) = preSolution
		HideSolutionNode = FALSE
	EndGlobalSection
	GlobalSection(ExtensibilityGlobals) = postSolution
		SolutionGuid = {37236B3A-97F6-46C7-92BD-DA35F45A8A0F}
	EndGlobalSection
EndGlobal
